// !$*UTF8*$!
{
	archiveVersion = 1;
	classes = {
	};
	objectVersion = 51;
	objects = {

/* Begin PBXBuildFile section */
		5C86DA0A7E2BD0AAAA417206 /* Pods_ParkUI_FinalProject.framework in Frameworks */ = {isa = PBXBuildFile; fileRef = 9EC61BB79CD868262F077517 /* Pods_ParkUI_FinalProject.framework */; };
		E53A0782258172C20062836D /* CredentialsRepository.swift in Sources */ = {isa = PBXBuildFile; fileRef = E53A0781258172C20062836D /* CredentialsRepository.swift */; };
		E53A3F72257D02D500C0E354 /* Home.swift in Sources */ = {isa = PBXBuildFile; fileRef = E53A3F71257D02D500C0E354 /* Home.swift */; };
		E53A3F74257D048F00C0E354 /* Login.swift in Sources */ = {isa = PBXBuildFile; fileRef = E53A3F73257D048F00C0E354 /* Login.swift */; };
		E53A3F76257D05FD00C0E354 /* SignUp.swift in Sources */ = {isa = PBXBuildFile; fileRef = E53A3F75257D05FD00C0E354 /* SignUp.swift */; };
		E53A3F78257D063200C0E354 /* ErrorView.swift in Sources */ = {isa = PBXBuildFile; fileRef = E53A3F77257D063200C0E354 /* ErrorView.swift */; };
		E53B1B3925800FDB0090709E /* CreditCard.swift in Sources */ = {isa = PBXBuildFile; fileRef = E53B1B3825800FDB0090709E /* CreditCard.swift */; };
		E53D545025842448006D6DC4 /* Scheduler.swift in Sources */ = {isa = PBXBuildFile; fileRef = E53D544F25842448006D6DC4 /* Scheduler.swift */; };
		E53F65A3256ED60700697768 /* UserTicket.swift in Sources */ = {isa = PBXBuildFile; fileRef = E53F65A2256ED60700697768 /* UserTicket.swift */; };
		E5443B33257EC64700DE0333 /* CreditCardView.swift in Sources */ = {isa = PBXBuildFile; fileRef = E5443B32257EC64700DE0333 /* CreditCardView.swift */; };
		E5537FDC25650D400075038E /* AppDelegate.swift in Sources */ = {isa = PBXBuildFile; fileRef = E5537FDB25650D400075038E /* AppDelegate.swift */; };
		E5537FDE25650D400075038E /* SceneDelegate.swift in Sources */ = {isa = PBXBuildFile; fileRef = E5537FDD25650D400075038E /* SceneDelegate.swift */; };
		E5537FE125650D400075038E /* ParkUI_FinalProject.xcdatamodeld in Sources */ = {isa = PBXBuildFile; fileRef = E5537FDF25650D400075038E /* ParkUI_FinalProject.xcdatamodeld */; };
		E5537FE325650D400075038E /* ContentView.swift in Sources */ = {isa = PBXBuildFile; fileRef = E5537FE225650D400075038E /* ContentView.swift */; };
		E5537FE525650D450075038E /* Assets.xcassets in Resources */ = {isa = PBXBuildFile; fileRef = E5537FE425650D450075038E /* Assets.xcassets */; };
		E5537FE825650D450075038E /* Preview Assets.xcassets in Resources */ = {isa = PBXBuildFile; fileRef = E5537FE725650D450075038E /* Preview Assets.xcassets */; };
		E5537FEB25650D450075038E /* LaunchScreen.storyboard in Resources */ = {isa = PBXBuildFile; fileRef = E5537FE925650D450075038E /* LaunchScreen.storyboard */; };
		E568232B257BDC4300EEDB7A /* CShape.swift in Sources */ = {isa = PBXBuildFile; fileRef = E568232A257BDC4300EEDB7A /* CShape.swift */; };
		E5C19CC725651D0E00131370 /* GoogleService-Info.plist in Resources */ = {isa = PBXBuildFile; fileRef = E5C19CC625651D0E00131370 /* GoogleService-Info.plist */; };
		E5C19CC925651EDB00131370 /* Zone.swift in Sources */ = {isa = PBXBuildFile; fileRef = E5C19CC825651EDB00131370 /* Zone.swift */; };
		E5C19CCB25651EEA00131370 /* User.swift in Sources */ = {isa = PBXBuildFile; fileRef = E5C19CCA25651EEA00131370 /* User.swift */; };
		E5C19CCD2565233B00131370 /* UserVehicle.swift in Sources */ = {isa = PBXBuildFile; fileRef = E5C19CCC2565233B00131370 /* UserVehicle.swift */; };
		E5C19CCF256523AE00131370 /* UserViewModel.swift in Sources */ = {isa = PBXBuildFile; fileRef = E5C19CCE256523AE00131370 /* UserViewModel.swift */; };
		E5C19CD125652A4900131370 /* Ticket.swift in Sources */ = {isa = PBXBuildFile; fileRef = E5C19CD025652A4900131370 /* Ticket.swift */; };
		E5C19CD425652E3800131370 /* FirebaseHandler.swift in Sources */ = {isa = PBXBuildFile; fileRef = E5C19CD325652E3800131370 /* FirebaseHandler.swift */; };
		E5DF1EF9258151FB009BB25C /* ProfileView.swift in Sources */ = {isa = PBXBuildFile; fileRef = E5DF1EF8258151FB009BB25C /* ProfileView.swift */; };
		E5DF1EFC25815A6F009BB25C /* UserVehicleRowView.swift in Sources */ = {isa = PBXBuildFile; fileRef = E5DF1EFB25815A6F009BB25C /* UserVehicleRowView.swift */; };
/* End PBXBuildFile section */

/* Begin PBXFileReference section */
		667D5C4858DF7EB4483D9959 /* Pods-ParkUI-FinalProject.release.xcconfig */ = {isa = PBXFileReference; includeInIndex = 1; lastKnownFileType = text.xcconfig; name = "Pods-ParkUI-FinalProject.release.xcconfig"; path = "Target Support Files/Pods-ParkUI-FinalProject/Pods-ParkUI-FinalProject.release.xcconfig"; sourceTree = "<group>"; };
		9EC61BB79CD868262F077517 /* Pods_ParkUI_FinalProject.framework */ = {isa = PBXFileReference; explicitFileType = wrapper.framework; includeInIndex = 0; path = Pods_ParkUI_FinalProject.framework; sourceTree = BUILT_PRODUCTS_DIR; };
		E53A0781258172C20062836D /* CredentialsRepository.swift */ = {isa = PBXFileReference; lastKnownFileType = sourcecode.swift; path = CredentialsRepository.swift; sourceTree = "<group>"; };
		E53A3F71257D02D500C0E354 /* Home.swift */ = {isa = PBXFileReference; lastKnownFileType = sourcecode.swift; path = Home.swift; sourceTree = "<group>"; };
		E53A3F73257D048F00C0E354 /* Login.swift */ = {isa = PBXFileReference; lastKnownFileType = sourcecode.swift; path = Login.swift; sourceTree = "<group>"; };
		E53A3F75257D05FD00C0E354 /* SignUp.swift */ = {isa = PBXFileReference; lastKnownFileType = sourcecode.swift; path = SignUp.swift; sourceTree = "<group>"; };
		E53A3F77257D063200C0E354 /* ErrorView.swift */ = {isa = PBXFileReference; lastKnownFileType = sourcecode.swift; path = ErrorView.swift; sourceTree = "<group>"; };
		E53B1B3825800FDB0090709E /* CreditCard.swift */ = {isa = PBXFileReference; lastKnownFileType = sourcecode.swift; path = CreditCard.swift; sourceTree = "<group>"; };
		E53D544F25842448006D6DC4 /* Scheduler.swift */ = {isa = PBXFileReference; lastKnownFileType = sourcecode.swift; path = Scheduler.swift; sourceTree = "<group>"; };
		E53F65A2256ED60700697768 /* UserTicket.swift */ = {isa = PBXFileReference; lastKnownFileType = sourcecode.swift; path = UserTicket.swift; sourceTree = "<group>"; };
		E5443B32257EC64700DE0333 /* CreditCardView.swift */ = {isa = PBXFileReference; lastKnownFileType = sourcecode.swift; path = CreditCardView.swift; sourceTree = "<group>"; };
		E5537FD825650D400075038E /* ParkUI-FinalProject.app */ = {isa = PBXFileReference; explicitFileType = wrapper.application; includeInIndex = 0; path = "ParkUI-FinalProject.app"; sourceTree = BUILT_PRODUCTS_DIR; };
		E5537FDB25650D400075038E /* AppDelegate.swift */ = {isa = PBXFileReference; lastKnownFileType = sourcecode.swift; path = AppDelegate.swift; sourceTree = "<group>"; };
		E5537FDD25650D400075038E /* SceneDelegate.swift */ = {isa = PBXFileReference; lastKnownFileType = sourcecode.swift; path = SceneDelegate.swift; sourceTree = "<group>"; };
		E5537FE025650D400075038E /* ParkUI_FinalProject.xcdatamodel */ = {isa = PBXFileReference; lastKnownFileType = wrapper.xcdatamodel; path = ParkUI_FinalProject.xcdatamodel; sourceTree = "<group>"; };
		E5537FE225650D400075038E /* ContentView.swift */ = {isa = PBXFileReference; lastKnownFileType = sourcecode.swift; path = ContentView.swift; sourceTree = "<group>"; };
		E5537FE425650D450075038E /* Assets.xcassets */ = {isa = PBXFileReference; lastKnownFileType = folder.assetcatalog; path = Assets.xcassets; sourceTree = "<group>"; };
		E5537FE725650D450075038E /* Preview Assets.xcassets */ = {isa = PBXFileReference; lastKnownFileType = folder.assetcatalog; path = "Preview Assets.xcassets"; sourceTree = "<group>"; };
		E5537FEA25650D450075038E /* Base */ = {isa = PBXFileReference; lastKnownFileType = file.storyboard; name = Base; path = Base.lproj/LaunchScreen.storyboard; sourceTree = "<group>"; };
		E5537FEC25650D450075038E /* Info.plist */ = {isa = PBXFileReference; lastKnownFileType = text.plist.xml; path = Info.plist; sourceTree = "<group>"; };
		E568232A257BDC4300EEDB7A /* CShape.swift */ = {isa = PBXFileReference; lastKnownFileType = sourcecode.swift; path = CShape.swift; sourceTree = "<group>"; };
		E5C19CC625651D0E00131370 /* GoogleService-Info.plist */ = {isa = PBXFileReference; fileEncoding = 4; lastKnownFileType = text.plist.xml; path = "GoogleService-Info.plist"; sourceTree = "<group>"; };
		E5C19CC825651EDB00131370 /* Zone.swift */ = {isa = PBXFileReference; lastKnownFileType = sourcecode.swift; path = Zone.swift; sourceTree = "<group>"; };
		E5C19CCA25651EEA00131370 /* User.swift */ = {isa = PBXFileReference; lastKnownFileType = sourcecode.swift; path = User.swift; sourceTree = "<group>"; };
		E5C19CCC2565233B00131370 /* UserVehicle.swift */ = {isa = PBXFileReference; lastKnownFileType = sourcecode.swift; path = UserVehicle.swift; sourceTree = "<group>"; };
		E5C19CCE256523AE00131370 /* UserViewModel.swift */ = {isa = PBXFileReference; lastKnownFileType = sourcecode.swift; path = UserViewModel.swift; sourceTree = "<group>"; };
		E5C19CD025652A4900131370 /* Ticket.swift */ = {isa = PBXFileReference; lastKnownFileType = sourcecode.swift; path = Ticket.swift; sourceTree = "<group>"; };
		E5C19CD325652E3800131370 /* FirebaseHandler.swift */ = {isa = PBXFileReference; lastKnownFileType = sourcecode.swift; path = FirebaseHandler.swift; sourceTree = "<group>"; };
		E5DF1EF8258151FB009BB25C /* ProfileView.swift */ = {isa = PBXFileReference; lastKnownFileType = sourcecode.swift; path = ProfileView.swift; sourceTree = "<group>"; };
		E5DF1EFB25815A6F009BB25C /* UserVehicleRowView.swift */ = {isa = PBXFileReference; lastKnownFileType = sourcecode.swift; path = UserVehicleRowView.swift; sourceTree = "<group>"; };
		E7500E59D9DF858B956BA5C9 /* Pods-ParkUI-FinalProject.debug.xcconfig */ = {isa = PBXFileReference; includeInIndex = 1; lastKnownFileType = text.xcconfig; name = "Pods-ParkUI-FinalProject.debug.xcconfig"; path = "Target Support Files/Pods-ParkUI-FinalProject/Pods-ParkUI-FinalProject.debug.xcconfig"; sourceTree = "<group>"; };
/* End PBXFileReference section */

/* Begin PBXFrameworksBuildPhase section */
		E5537FD525650D400075038E /* Frameworks */ = {
			isa = PBXFrameworksBuildPhase;
			buildActionMask = 2147483647;
			files = (
				5C86DA0A7E2BD0AAAA417206 /* Pods_ParkUI_FinalProject.framework in Frameworks */,
			);
			runOnlyForDeploymentPostprocessing = 0;
		};
/* End PBXFrameworksBuildPhase section */

/* Begin PBXGroup section */
		2D5CF17DED99756F81828D9E /* Pods */ = {
			isa = PBXGroup;
			children = (
				E7500E59D9DF858B956BA5C9 /* Pods-ParkUI-FinalProject.debug.xcconfig */,
				667D5C4858DF7EB4483D9959 /* Pods-ParkUI-FinalProject.release.xcconfig */,
			);
			path = Pods;
			sourceTree = "<group>";
		};
		9805EBCA43AD80CEE53990CF /* Frameworks */ = {
			isa = PBXGroup;
			children = (
				9EC61BB79CD868262F077517 /* Pods_ParkUI_FinalProject.framework */,
			);
			name = Frameworks;
			sourceTree = "<group>";
		};
		E5443B31257EC3C000DE0333 /* Tabs */ = {
			isa = PBXGroup;
			children = (
				E5DF1EFA25815A56009BB25C /* Profile */,
				E5443B32257EC64700DE0333 /* CreditCardView.swift */,
				E53D544F25842448006D6DC4 /* Scheduler.swift */,
			);
			path = Tabs;
			sourceTree = "<group>";
		};
		E5537FCF25650D400075038E = {
			isa = PBXGroup;
			children = (
				E5682327257BDBED00EEDB7A /* Shapes */,
				E5C19CD225652E1D00131370 /* Firebase */,
				E5C19CC625651D0E00131370 /* GoogleService-Info.plist */,
				E5537FF525650FD90075038E /* View */,
				E5537FF425650FCE0075038E /* ViewModel */,
				E5537FF325650F2A0075038E /* Model */,
				E5537FF225650D5F0075038E /* Lifecycle */,
				E5537FDA25650D400075038E /* ParkUI-FinalProject */,
				E5537FD925650D400075038E /* Products */,
				2D5CF17DED99756F81828D9E /* Pods */,
				9805EBCA43AD80CEE53990CF /* Frameworks */,
			);
			sourceTree = "<group>";
		};
		E5537FD925650D400075038E /* Products */ = {
			isa = PBXGroup;
			children = (
				E5537FD825650D400075038E /* ParkUI-FinalProject.app */,
			);
			name = Products;
			sourceTree = "<group>";
		};
		E5537FDA25650D400075038E /* ParkUI-FinalProject */ = {
			isa = PBXGroup;
			children = (
				E5537FE225650D400075038E /* ContentView.swift */,
				E5537FE425650D450075038E /* Assets.xcassets */,
				E5537FE925650D450075038E /* LaunchScreen.storyboard */,
				E5537FEC25650D450075038E /* Info.plist */,
				E5537FDF25650D400075038E /* ParkUI_FinalProject.xcdatamodeld */,
				E5537FE625650D450075038E /* Preview Content */,
			);
			path = "ParkUI-FinalProject";
			sourceTree = "<group>";
		};
		E5537FE625650D450075038E /* Preview Content */ = {
			isa = PBXGroup;
			children = (
				E5537FE725650D450075038E /* Preview Assets.xcassets */,
			);
			path = "Preview Content";
			sourceTree = "<group>";
		};
		E5537FF225650D5F0075038E /* Lifecycle */ = {
			isa = PBXGroup;
			children = (
				E5537FDB25650D400075038E /* AppDelegate.swift */,
				E5537FDD25650D400075038E /* SceneDelegate.swift */,
			);
			path = Lifecycle;
			sourceTree = "<group>";
		};
		E5537FF325650F2A0075038E /* Model */ = {
			isa = PBXGroup;
			children = (
				E5C19CC825651EDB00131370 /* Zone.swift */,
				E5C19CCA25651EEA00131370 /* User.swift */,
				E5C19CCC2565233B00131370 /* UserVehicle.swift */,
				E5C19CD025652A4900131370 /* Ticket.swift */,
				E53F65A2256ED60700697768 /* UserTicket.swift */,
				E53B1B3825800FDB0090709E /* CreditCard.swift */,
				E53A0781258172C20062836D /* CredentialsRepository.swift */,
			);
			path = Model;
			sourceTree = "<group>";
		};
		E5537FF425650FCE0075038E /* ViewModel */ = {
			isa = PBXGroup;
			children = (
				E5C19CCE256523AE00131370 /* UserViewModel.swift */,
			);
			path = ViewModel;
			sourceTree = "<group>";
		};
		E5537FF525650FD90075038E /* View */ = {
			isa = PBXGroup;
			children = (
				E5443B31257EC3C000DE0333 /* Tabs */,
				E53A3F71257D02D500C0E354 /* Home.swift */,
				E53A3F73257D048F00C0E354 /* Login.swift */,
				E53A3F75257D05FD00C0E354 /* SignUp.swift */,
				E53A3F77257D063200C0E354 /* ErrorView.swift */,
			);
			path = View;
			sourceTree = "<group>";
		};
		E5682327257BDBED00EEDB7A /* Shapes */ = {
			isa = PBXGroup;
			children = (
				E568232A257BDC4300EEDB7A /* CShape.swift */,
			);
			path = Shapes;
			sourceTree = "<group>";
		};
		E5C19CD225652E1D00131370 /* Firebase */ = {
			isa = PBXGroup;
			children = (
				E5C19CD325652E3800131370 /* FirebaseHandler.swift */,
			);
			path = Firebase;
			sourceTree = "<group>";
		};
		E5DF1EFA25815A56009BB25C /* Profile */ = {
			isa = PBXGroup;
			children = (
				E5DF1EF8258151FB009BB25C /* ProfileView.swift */,
				E5DF1EFB25815A6F009BB25C /* UserVehicleRowView.swift */,
			);
			path = Profile;
			sourceTree = "<group>";
		};
/* End PBXGroup section */

/* Begin PBXNativeTarget section */
		E5537FD725650D400075038E /* ParkUI-FinalProject */ = {
			isa = PBXNativeTarget;
			buildConfigurationList = E5537FEF25650D450075038E /* Build configuration list for PBXNativeTarget "ParkUI-FinalProject" */;
			buildPhases = (
				357FED60B6D9D246D1AD68C4 /* [CP] Check Pods Manifest.lock */,
				E5537FD425650D400075038E /* Sources */,
				E5537FD525650D400075038E /* Frameworks */,
				E5537FD625650D400075038E /* Resources */,
				D20AD29BB48C4E16542DE82B /* [CP] Embed Pods Frameworks */,
			);
			buildRules = (
			);
			dependencies = (
			);
			name = "ParkUI-FinalProject";
			productName = "ParkUI-FinalProject";
			productReference = E5537FD825650D400075038E /* ParkUI-FinalProject.app */;
			productType = "com.apple.product-type.application";
		};
/* End PBXNativeTarget section */

/* Begin PBXProject section */
		E5537FD025650D400075038E /* Project object */ = {
			isa = PBXProject;
			attributes = {
				LastSwiftUpdateCheck = 1130;
				LastUpgradeCheck = 1130;
				ORGANIZATIONNAME = "Marko Milardic";
				TargetAttributes = {
					E5537FD725650D400075038E = {
						CreatedOnToolsVersion = 11.3.1;
					};
				};
			};
			buildConfigurationList = E5537FD325650D400075038E /* Build configuration list for PBXProject "ParkUI-FinalProject" */;
			compatibilityVersion = "Xcode 9.3";
			developmentRegion = en;
			hasScannedForEncodings = 0;
			knownRegions = (
				en,
				Base,
			);
			mainGroup = E5537FCF25650D400075038E;
			productRefGroup = E5537FD925650D400075038E /* Products */;
			projectDirPath = "";
			projectRoot = "";
			targets = (
				E5537FD725650D400075038E /* ParkUI-FinalProject */,
			);
		};
/* End PBXProject section */

/* Begin PBXResourcesBuildPhase section */
		E5537FD625650D400075038E /* Resources */ = {
			isa = PBXResourcesBuildPhase;
			buildActionMask = 2147483647;
			files = (
				E5537FEB25650D450075038E /* LaunchScreen.storyboard in Resources */,
				E5C19CC725651D0E00131370 /* GoogleService-Info.plist in Resources */,
				E5537FE825650D450075038E /* Preview Assets.xcassets in Resources */,
				E5537FE525650D450075038E /* Assets.xcassets in Resources */,
			);
			runOnlyForDeploymentPostprocessing = 0;
		};
/* End PBXResourcesBuildPhase section */

/* Begin PBXShellScriptBuildPhase section */
		357FED60B6D9D246D1AD68C4 /* [CP] Check Pods Manifest.lock */ = {
			isa = PBXShellScriptBuildPhase;
			buildActionMask = 2147483647;
			files = (
			);
			inputFileListPaths = (
			);
			inputPaths = (
				"${PODS_PODFILE_DIR_PATH}/Podfile.lock",
				"${PODS_ROOT}/Manifest.lock",
			);
			name = "[CP] Check Pods Manifest.lock";
			outputFileListPaths = (
			);
			outputPaths = (
				"$(DERIVED_FILE_DIR)/Pods-ParkUI-FinalProject-checkManifestLockResult.txt",
			);
			runOnlyForDeploymentPostprocessing = 0;
			shellPath = /bin/sh;
			shellScript = "diff \"${PODS_PODFILE_DIR_PATH}/Podfile.lock\" \"${PODS_ROOT}/Manifest.lock\" > /dev/null\nif [ $? != 0 ] ; then\n    # print error to STDERR\n    echo \"error: The sandbox is not in sync with the Podfile.lock. Run 'pod install' or update your CocoaPods installation.\" >&2\n    exit 1\nfi\n# This output is used by Xcode 'outputs' to avoid re-running this script phase.\necho \"SUCCESS\" > \"${SCRIPT_OUTPUT_FILE_0}\"\n";
			showEnvVarsInLog = 0;
		};
		D20AD29BB48C4E16542DE82B /* [CP] Embed Pods Frameworks */ = {
			isa = PBXShellScriptBuildPhase;
			buildActionMask = 2147483647;
			files = (
			);
			inputFileListPaths = (
				"${PODS_ROOT}/Target Support Files/Pods-ParkUI-FinalProject/Pods-ParkUI-FinalProject-frameworks-${CONFIGURATION}-input-files.xcfilelist",
			);
			name = "[CP] Embed Pods Frameworks";
			outputFileListPaths = (
				"${PODS_ROOT}/Target Support Files/Pods-ParkUI-FinalProject/Pods-ParkUI-FinalProject-frameworks-${CONFIGURATION}-output-files.xcfilelist",
			);
			runOnlyForDeploymentPostprocessing = 0;
			shellPath = /bin/sh;
			shellScript = "\"${PODS_ROOT}/Target Support Files/Pods-ParkUI-FinalProject/Pods-ParkUI-FinalProject-frameworks.sh\"\n";
			showEnvVarsInLog = 0;
		};
/* End PBXShellScriptBuildPhase section */

/* Begin PBXSourcesBuildPhase section */
		E5537FD425650D400075038E /* Sources */ = {
			isa = PBXSourcesBuildPhase;
			buildActionMask = 2147483647;
			files = (
				E53F65A3256ED60700697768 /* UserTicket.swift in Sources */,
				E5DF1EFC25815A6F009BB25C /* UserVehicleRowView.swift in Sources */,
				E53A3F74257D048F00C0E354 /* Login.swift in Sources */,
				E5537FE125650D400075038E /* ParkUI_FinalProject.xcdatamodeld in Sources */,
				E5537FDC25650D400075038E /* AppDelegate.swift in Sources */,
				E53A3F76257D05FD00C0E354 /* SignUp.swift in Sources */,
				E5C19CCB25651EEA00131370 /* User.swift in Sources */,
				E5C19CC925651EDB00131370 /* Zone.swift in Sources */,
				E568232B257BDC4300EEDB7A /* CShape.swift in Sources */,
				E5C19CD125652A4900131370 /* Ticket.swift in Sources */,
				E5C19CD425652E3800131370 /* FirebaseHandler.swift in Sources */,
				E53D545025842448006D6DC4 /* Scheduler.swift in Sources */,
				E5C19CCF256523AE00131370 /* UserViewModel.swift in Sources */,
				E53A0782258172C20062836D /* CredentialsRepository.swift in Sources */,
				E5C19CCD2565233B00131370 /* UserVehicle.swift in Sources */,
				E53B1B3925800FDB0090709E /* CreditCard.swift in Sources */,
				E5537FE325650D400075038E /* ContentView.swift in Sources */,
				E53A3F72257D02D500C0E354 /* Home.swift in Sources */,
				E5443B33257EC64700DE0333 /* CreditCardView.swift in Sources */,
				E5DF1EF9258151FB009BB25C /* ProfileView.swift in Sources */,
				E5537FDE25650D400075038E /* SceneDelegate.swift in Sources */,
				E53A3F78257D063200C0E354 /* ErrorView.swift in Sources */,
			);
			runOnlyForDeploymentPostprocessing = 0;
		};
/* End PBXSourcesBuildPhase section */

/* Begin PBXVariantGroup section */
		E5537FE925650D450075038E /* LaunchScreen.storyboard */ = {
			isa = PBXVariantGroup;
			children = (
				E5537FEA25650D450075038E /* Base */,
			);
			name = LaunchScreen.storyboard;
			sourceTree = "<group>";
		};
/* End PBXVariantGroup section */

/* Begin XCBuildConfiguration section */
		E5537FED25650D450075038E /* Debug */ = {
			isa = XCBuildConfiguration;
			buildSettings = {
				ALWAYS_SEARCH_USER_PATHS = NO;
				CLANG_ANALYZER_NONNULL = YES;
				CLANG_ANALYZER_NUMBER_OBJECT_CONVERSION = YES_AGGRESSIVE;
				CLANG_CXX_LANGUAGE_STANDARD = "gnu++14";
				CLANG_CXX_LIBRARY = "libc++";
				CLANG_ENABLE_MODULES = YES;
				CLANG_ENABLE_OBJC_ARC = YES;
				CLANG_ENABLE_OBJC_WEAK = YES;
				CLANG_WARN_BLOCK_CAPTURE_AUTORELEASING = YES;
				CLANG_WARN_BOOL_CONVERSION = YES;
				CLANG_WARN_COMMA = YES;
				CLANG_WARN_CONSTANT_CONVERSION = YES;
				CLANG_WARN_DEPRECATED_OBJC_IMPLEMENTATIONS = YES;
				CLANG_WARN_DIRECT_OBJC_ISA_USAGE = YES_ERROR;
				CLANG_WARN_DOCUMENTATION_COMMENTS = YES;
				CLANG_WARN_EMPTY_BODY = YES;
				CLANG_WARN_ENUM_CONVERSION = YES;
				CLANG_WARN_INFINITE_RECURSION = YES;
				CLANG_WARN_INT_CONVERSION = YES;
				CLANG_WARN_NON_LITERAL_NULL_CONVERSION = YES;
				CLANG_WARN_OBJC_IMPLICIT_RETAIN_SELF = YES;
				CLANG_WARN_OBJC_LITERAL_CONVERSION = YES;
				CLANG_WARN_OBJC_ROOT_CLASS = YES_ERROR;
				CLANG_WARN_RANGE_LOOP_ANALYSIS = YES;
				CLANG_WARN_STRICT_PROTOTYPES = YES;
				CLANG_WARN_SUSPICIOUS_MOVE = YES;
				CLANG_WARN_UNGUARDED_AVAILABILITY = YES_AGGRESSIVE;
				CLANG_WARN_UNREACHABLE_CODE = YES;
				CLANG_WARN__DUPLICATE_METHOD_MATCH = YES;
				COPY_PHASE_STRIP = NO;
				DEBUG_INFORMATION_FORMAT = dwarf;
				ENABLE_STRICT_OBJC_MSGSEND = YES;
				ENABLE_TESTABILITY = YES;
				GCC_C_LANGUAGE_STANDARD = gnu11;
				GCC_DYNAMIC_NO_PIC = NO;
				GCC_NO_COMMON_BLOCKS = YES;
				GCC_OPTIMIZATION_LEVEL = 0;
				GCC_PREPROCESSOR_DEFINITIONS = (
					"DEBUG=1",
					"$(inherited)",
				);
				GCC_WARN_64_TO_32_BIT_CONVERSION = YES;
				GCC_WARN_ABOUT_RETURN_TYPE = YES_ERROR;
				GCC_WARN_UNDECLARED_SELECTOR = YES;
				GCC_WARN_UNINITIALIZED_AUTOS = YES_AGGRESSIVE;
				GCC_WARN_UNUSED_FUNCTION = YES;
				GCC_WARN_UNUSED_VARIABLE = YES;
				IPHONEOS_DEPLOYMENT_TARGET = 13.2;
				MTL_ENABLE_DEBUG_INFO = INCLUDE_SOURCE;
				MTL_FAST_MATH = YES;
				ONLY_ACTIVE_ARCH = YES;
				SDKROOT = iphoneos;
				SWIFT_ACTIVE_COMPILATION_CONDITIONS = DEBUG;
				SWIFT_OPTIMIZATION_LEVEL = "-Onone";
			};
			name = Debug;
		};
		E5537FEE25650D450075038E /* Release */ = {
			isa = XCBuildConfiguration;
			buildSettings = {
				ALWAYS_SEARCH_USER_PATHS = NO;
				CLANG_ANALYZER_NONNULL = YES;
				CLANG_ANALYZER_NUMBER_OBJECT_CONVERSION = YES_AGGRESSIVE;
				CLANG_CXX_LANGUAGE_STANDARD = "gnu++14";
				CLANG_CXX_LIBRARY = "libc++";
				CLANG_ENABLE_MODULES = YES;
				CLANG_ENABLE_OBJC_ARC = YES;
				CLANG_ENABLE_OBJC_WEAK = YES;
				CLANG_WARN_BLOCK_CAPTURE_AUTORELEASING = YES;
				CLANG_WARN_BOOL_CONVERSION = YES;
				CLANG_WARN_COMMA = YES;
				CLANG_WARN_CONSTANT_CONVERSION = YES;
				CLANG_WARN_DEPRECATED_OBJC_IMPLEMENTATIONS = YES;
				CLANG_WARN_DIRECT_OBJC_ISA_USAGE = YES_ERROR;
				CLANG_WARN_DOCUMENTATION_COMMENTS = YES;
				CLANG_WARN_EMPTY_BODY = YES;
				CLANG_WARN_ENUM_CONVERSION = YES;
				CLANG_WARN_INFINITE_RECURSION = YES;
				CLANG_WARN_INT_CONVERSION = YES;
				CLANG_WARN_NON_LITERAL_NULL_CONVERSION = YES;
				CLANG_WARN_OBJC_IMPLICIT_RETAIN_SELF = YES;
				CLANG_WARN_OBJC_LITERAL_CONVERSION = YES;
				CLANG_WARN_OBJC_ROOT_CLASS = YES_ERROR;
				CLANG_WARN_RANGE_LOOP_ANALYSIS = YES;
				CLANG_WARN_STRICT_PROTOTYPES = YES;
				CLANG_WARN_SUSPICIOUS_MOVE = YES;
				CLANG_WARN_UNGUARDED_AVAILABILITY = YES_AGGRESSIVE;
				CLANG_WARN_UNREACHABLE_CODE = YES;
				CLANG_WARN__DUPLICATE_METHOD_MATCH = YES;
				COPY_PHASE_STRIP = NO;
				DEBUG_INFORMATION_FORMAT = "dwarf-with-dsym";
				ENABLE_NS_ASSERTIONS = NO;
				ENABLE_STRICT_OBJC_MSGSEND = YES;
				GCC_C_LANGUAGE_STANDARD = gnu11;
				GCC_NO_COMMON_BLOCKS = YES;
				GCC_WARN_64_TO_32_BIT_CONVERSION = YES;
				GCC_WARN_ABOUT_RETURN_TYPE = YES_ERROR;
				GCC_WARN_UNDECLARED_SELECTOR = YES;
				GCC_WARN_UNINITIALIZED_AUTOS = YES_AGGRESSIVE;
				GCC_WARN_UNUSED_FUNCTION = YES;
				GCC_WARN_UNUSED_VARIABLE = YES;
				IPHONEOS_DEPLOYMENT_TARGET = 13.2;
				MTL_ENABLE_DEBUG_INFO = NO;
				MTL_FAST_MATH = YES;
				SDKROOT = iphoneos;
				SWIFT_COMPILATION_MODE = wholemodule;
				SWIFT_OPTIMIZATION_LEVEL = "-O";
				VALIDATE_PRODUCT = YES;
			};
			name = Release;
		};
		E5537FF025650D450075038E /* Debug */ = {
			isa = XCBuildConfiguration;
			baseConfigurationReference = E7500E59D9DF858B956BA5C9 /* Pods-ParkUI-FinalProject.debug.xcconfig */;
			buildSettings = {
				ASSETCATALOG_COMPILER_APPICON_NAME = AppIcon;
				CODE_SIGN_STYLE = Automatic;
				DEVELOPMENT_ASSET_PATHS = "\"ParkUI-FinalProject/Preview Content\"";
				DEVELOPMENT_TEAM = G9P83U7297;
				ENABLE_PREVIEWS = YES;
				INFOPLIST_FILE = "ParkUI-FinalProject/Info.plist";
				IPHONEOS_DEPLOYMENT_TARGET = 13.0;
				LD_RUNPATH_SEARCH_PATHS = (
					"$(inherited)",
					"@executable_path/Frameworks",
				);
				PRODUCT_BUNDLE_IDENTIFIER = "com.RIT.Milardic.ParkUI-FinalProject";
				PRODUCT_NAME = "$(TARGET_NAME)";
				SWIFT_VERSION = 5.0;
				TARGETED_DEVICE_FAMILY = "1,2";
			};
			name = Debug;
		};
		E5537FF125650D450075038E /* Release */ = {
			isa = XCBuildConfiguration;
			baseConfigurationReference = 667D5C4858DF7EB4483D9959 /* Pods-ParkUI-FinalProject.release.xcconfig */;
			buildSettings = {
				ASSETCATALOG_COMPILER_APPICON_NAME = AppIcon;
				CODE_SIGN_STYLE = Automatic;
				DEVELOPMENT_ASSET_PATHS = "\"ParkUI-FinalProject/Preview Content\"";
				DEVELOPMENT_TEAM = G9P83U7297;
				ENABLE_PREVIEWS = YES;
				INFOPLIST_FILE = "ParkUI-FinalProject/Info.plist";
				IPHONEOS_DEPLOYMENT_TARGET = 13.0;
				LD_RUNPATH_SEARCH_PATHS = (
					"$(inherited)",
					"@executable_path/Frameworks",
				);
				PRODUCT_BUNDLE_IDENTIFIER = "com.RIT.Milardic.ParkUI-FinalProject";
				PRODUCT_NAME = "$(TARGET_NAME)";
				SWIFT_VERSION = 5.0;
				TARGETED_DEVICE_FAMILY = "1,2";
			};
			name = Release;
		};
/* End XCBuildConfiguration section */

/* Begin XCConfigurationList section */
		E5537FD325650D400075038E /* Build configuration list for PBXProject "ParkUI-FinalProject" */ = {
			isa = XCConfigurationList;
			buildConfigurations = (
				E5537FED25650D450075038E /* Debug */,
				E5537FEE25650D450075038E /* Release */,
			);
			defaultConfigurationIsVisible = 0;
			defaultConfigurationName = Release;
		};
		E5537FEF25650D450075038E /* Build configuration list for PBXNativeTarget "ParkUI-FinalProject" */ = {
			isa = XCConfigurationList;
			buildConfigurations = (
				E5537FF025650D450075038E /* Debug */,
				E5537FF125650D450075038E /* Release */,
			);
			defaultConfigurationIsVisible = 0;
			defaultConfigurationName = Release;
		};
/* End XCConfigurationList section */

/* Begin XCVersionGroup section */
		E5537FDF25650D400075038E /* ParkUI_FinalProject.xcdatamodeld */ = {
			isa = XCVersionGroup;
			children = (
				E5537FE025650D400075038E /* ParkUI_FinalProject.xcdatamodel */,
			);
			currentVersion = E5537FE025650D400075038E /* ParkUI_FinalProject.xcdatamodel */;
			path = ParkUI_FinalProject.xcdatamodeld;
			sourceTree = "<group>";
			versionGroupType = wrapper.xcdatamodel;
		};
/* End XCVersionGroup section */
	};
	rootObject = E5537FD025650D400075038E /* Project object */;
}
